
Microsoft Visual Studio Solution File, Format Version 12.00
# Visual Studio Version 17
VisualStudioVersion = 17.5.33424.131
MinimumVisualStudioVersion = 10.0.40219.1
Project("{FAE04EC0-301F-11D3-BF4B-00C04F79EFBC}") = "CS_001_HelloWorld", "CS_001_HelloWorld\CS_001_HelloWorld\CS_001_HelloWorld.csproj", "{5B24E332-A8CA-475E-8967-3357C83C3B14}"
EndProject
Project("{FAE04EC0-301F-11D3-BF4B-00C04F79EFBC}") = "CS_002_ReadWrite", "CS_002_ReadWrite\CS_002_ReadWrite.csproj", "{982C0AEA-FE78-435D-A04D-2D190B355E43}"
EndProject
Project("{FAE04EC0-301F-11D3-BF4B-00C04F79EFBC}") = "CS_005_Variable_2", "CS_005_Variable_2\CS_005_Variable_2.csproj", "{1F2C1285-100E-4C59-9DD2-E282ACBBD545}"
EndProject
Project("{FAE04EC0-301F-11D3-BF4B-00C04F79EFBC}") = "CS_011_Data_6", "CS_011_Data_6\CS_011_Data_6.csproj", "{7116DA9E-193C-4367-AA5E-042982D00AF2}"
EndProject
Project("{FAE04EC0-301F-11D3-BF4B-00C04F79EFBC}") = "CS_006_Data_1", "CS_006_Data_1\CS_006_Data_1.csproj", "{E04CC5CB-3C42-45BC-8415-77DB7776F3EB}"
EndProject
Project("{FAE04EC0-301F-11D3-BF4B-00C04F79EFBC}") = "CS_007_Data_2", "CS_007_Data_2\CS_007_Data_2.csproj", "{6387CA3D-DC92-44B5-8F35-0DD103E35715}"
EndProject
Project("{FAE04EC0-301F-11D3-BF4B-00C04F79EFBC}") = "CS_008_Data_3", "CS_008_Data_3\CS_008_Data_3.csproj", "{EAD1F800-D103-483C-AB74-58D9567B600E}"
EndProject
Project("{FAE04EC0-301F-11D3-BF4B-00C04F79EFBC}") = "CS_010_Data_5", "CS_010_Data_5\CS_010_Data_5.csproj", "{5929F511-9E7E-4F60-BB39-E93E4601B00E}"
EndProject
Project("{FAE04EC0-301F-11D3-BF4B-00C04F79EFBC}") = "CS_012_Data_7", "CS_012_Data_7\CS_012_Data_7.csproj", "{6CE0564E-7A0D-453D-8D2C-51922AFC03F8}"
EndProject
Project("{FAE04EC0-301F-11D3-BF4B-00C04F79EFBC}") = "CS_013_Data_8", "CS_013_Data_8\CS_013_Data_8.csproj", "{9366CEE8-750F-42CA-9C1B-74ACE3D70F1A}"
EndProject
Project("{FAE04EC0-301F-11D3-BF4B-00C04F79EFBC}") = "CS_014_Data_9", "CS_014_Data_9\CS_014_Data_9.csproj", "{644C8F67-5BA8-43B6-AD80-FC69F21627BA}"
EndProject
Project("{FAE04EC0-301F-11D3-BF4B-00C04F79EFBC}") = "CS_015_Data_10", "CS_015_Data_10\CS_015_Data_10.csproj", "{0F75B8C7-FF6A-4815-A3B8-FF68F87DB43B}"
EndProject
Project("{FAE04EC0-301F-11D3-BF4B-00C04F79EFBC}") = "CS_016_Data_enum_1", "CS_016_Data_enum_1\CS_016_Data_enum_1.csproj", "{31FEA359-A99A-4C36-A562-5664C2F40855}"
EndProject
Project("{FAE04EC0-301F-11D3-BF4B-00C04F79EFBC}") = "CS_017_Data_enum_2", "CS_017_Data_enum_2\CS_017_Data_enum_2.csproj", "{EDD86047-9513-44AC-AD7A-05FA3CA9A87A}"
EndProject
Project("{FAE04EC0-301F-11D3-BF4B-00C04F79EFBC}") = "CS_018_Data_nullable", "CS_018_Data_nullable\CS_018_Data_nullable.csproj", "{0E36C700-7944-4B3B-99CF-6658BDE70365}"
EndProject
Project("{FAE04EC0-301F-11D3-BF4B-00C04F79EFBC}") = "CS_019_Data_var", "CS_019_Data_var\CS_019_Data_var.csproj", "{3989CC4A-A348-40DA-8AC7-FF40EF7E31AB}"
EndProject
Project("{FAE04EC0-301F-11D3-BF4B-00C04F79EFBC}") = "CS_021_Data_ToString", "CS_021_Data_ToString\CS_021_Data_ToString.csproj", "{12FCFBB7-9C08-4190-BD06-B508AAEC7222}"
EndProject
Project("{FAE04EC0-301F-11D3-BF4B-00C04F79EFBC}") = "CS_022_Data_Parse", "CS_022_Data_Parse\CS_022_Data_Parse.csproj", "{3C16B0B9-9321-4C37-891B-66FFE674555B}"
EndProject
Project("{FAE04EC0-301F-11D3-BF4B-00C04F79EFBC}") = "CS_023_Data_Convert", "CS_023_Data_Convert\CS_023_Data_Convert.csproj", "{499A22CF-F135-4C38-9F8F-C050B091447C}"
EndProject
Project("{FAE04EC0-301F-11D3-BF4B-00C04F79EFBC}") = "CS_024_ReadLine", "CS_024_ReadLine\CS_024_ReadLine.csproj", "{C6AF72D6-CCC9-4356-A298-D3C3975EC1F3}"
EndProject
Project("{FAE04EC0-301F-11D3-BF4B-00C04F79EFBC}") = "CS_025_Check", "CS_025_Check\CS_025_Check.csproj", "{B2DB767C-CDA6-4953-83DE-6D0B051A10AD}"
EndProject
Project("{FAE04EC0-301F-11D3-BF4B-00C04F79EFBC}") = "CS_026_Opeartor_1", "CS_026_Opeartor_1\CS_026_Opeartor_1.csproj", "{D1C603C5-A8BE-4D4F-AECE-823321F7F260}"
EndProject
Project("{FAE04EC0-301F-11D3-BF4B-00C04F79EFBC}") = "CS_027_Operator_2", "CS_027_Operator_2\CS_027_Operator_2.csproj", "{AA440D08-9C3C-4E2E-9B78-20882009905C}"
EndProject
Project("{FAE04EC0-301F-11D3-BF4B-00C04F79EFBC}") = "CS_028_Operator_3", "CS_028_Operator_3\CS_028_Operator_3.csproj", "{D5837D3F-82A1-4FBE-AE3B-7DF675061354}"
EndProject
Project("{FAE04EC0-301F-11D3-BF4B-00C04F79EFBC}") = "CS_029_Operator_4", "CS_029_Operator_4\CS_029_Operator_4.csproj", "{721C4071-B676-4A42-B8CF-50480D545A79}"
EndProject
Project("{FAE04EC0-301F-11D3-BF4B-00C04F79EFBC}") = "CS_030_Operator_5", "CS_030_Operator_5\CS_030_Operator_5.csproj", "{95691185-AC9E-4D80-8AB9-14F3489BC713}"
EndProject
Project("{FAE04EC0-301F-11D3-BF4B-00C04F79EFBC}") = "CS_031_Opreator_6", "CS_031_Opreator_6\CS_031_Opreator_6.csproj", "{AAB87D47-B8FE-4D39-ABC3-BE370B951CFA}"
EndProject
Project("{FAE04EC0-301F-11D3-BF4B-00C04F79EFBC}") = "CS_032_Operator_7", "CS_032_Operator_7\CS_032_Operator_7.csproj", "{98B7EADB-3FB5-492A-83E1-A7E19647617A}"
EndProject
Project("{FAE04EC0-301F-11D3-BF4B-00C04F79EFBC}") = "CS_033_Operator_8", "CS_033_Operator_8\CS_033_Operator_8.csproj", "{828902D1-BFB4-49DD-8231-C735FC959EC5}"
EndProject
Project("{FAE04EC0-301F-11D3-BF4B-00C04F79EFBC}") = "CS_034_Operator_9", "CS_034_Operator_9\CS_034_Operator_9.csproj", "{90A41D5A-D7DB-4DA6-94EF-4803298CF16E}"
EndProject
Project("{FAE04EC0-301F-11D3-BF4B-00C04F79EFBC}") = "CS_035_Operator_10", "CS_035_Operator_10\CS_035_Operator_10.csproj", "{F5346462-9112-49B9-9588-B82411CE7BCD}"
EndProject
Project("{FAE04EC0-301F-11D3-BF4B-00C04F79EFBC}") = "CS_037_Branch_2", "CS_037_Branch_2\CS_037_Branch_2.csproj", "{E4708FA4-3FCC-4146-A760-11C313B9A7F2}"
EndProject
Project("{FAE04EC0-301F-11D3-BF4B-00C04F79EFBC}") = "CS_042_Branch_5", "CS_042_Branch_5\CS_042_Branch_5.csproj", "{BF51560F-8551-4E81-B6CA-7645587A1270}"
EndProject
Project("{FAE04EC0-301F-11D3-BF4B-00C04F79EFBC}") = "CS_038_Branch_3", "CS_038_Branch_3\CS_038_Branch_3.csproj", "{279B4C72-80AE-4E6B-9BAE-2342BF7E37BF}"
EndProject
Project("{FAE04EC0-301F-11D3-BF4B-00C04F79EFBC}") = "CS_039_Check", "CS_039_Check\CS_039_Check.csproj", "{181CC1FB-3944-4016-8F36-A5574190D9C2}"
EndProject
Project("{FAE04EC0-301F-11D3-BF4B-00C04F79EFBC}") = "CS_039_Exercise", "CS_039_Exercise\CS_039_Exercise.csproj", "{3FD705EF-8F50-4577-B852-82FF96DB5783}"
EndProject
Project("{FAE04EC0-301F-11D3-BF4B-00C04F79EFBC}") = "CS_041_Branch_4", "CS_041_Branch_4\CS_041_Branch_4.csproj", "{2F67E7CD-83BC-4011-9A4D-923DD9394D57}"
EndProject
Project("{FAE04EC0-301F-11D3-BF4B-00C04F79EFBC}") = "CS_045_Loop_2", "CS_045_Loop_2\CS_045_Loop_2.csproj", "{1A125604-C736-42B3-B90E-68347D864852}"
EndProject
Project("{FAE04EC0-301F-11D3-BF4B-00C04F79EFBC}") = "CS_047_Loop_4", "CS_047_Loop_4\CS_047_Loop_4.csproj", "{B50F8D55-47F2-44CD-A8F4-AFBD1BF96F09}"
EndProject
Project("{FAE04EC0-301F-11D3-BF4B-00C04F79EFBC}") = "CS_048_Loop_5", "CS_048_Loop_5\CS_048_Loop_5.csproj", "{F9D41221-1DBE-4E3A-9675-F692A2F9AD34}"
EndProject
Project("{FAE04EC0-301F-11D3-BF4B-00C04F79EFBC}") = "CS_049_Loop_6", "CS_049_Loop_6\CS_049_Loop_6.csproj", "{49006509-1930-4E04-83D3-F86C1A27AC0D}"
EndProject
Project("{FAE04EC0-301F-11D3-BF4B-00C04F79EFBC}") = "CS_051_Loop_8", "CS_051_Loop_8\CS_051_Loop_8.csproj", "{29F05BBA-6E9E-4E63-9717-DCB7FFEF90DB}"
EndProject
Project("{FAE04EC0-301F-11D3-BF4B-00C04F79EFBC}") = "CS_052_Loop_9", "CS_052_Loop_9\CS_052_Loop_9.csproj", "{6B949E46-D2EC-48C9-ADF3-08A824BCDDDA}"
EndProject
Project("{FAE04EC0-301F-11D3-BF4B-00C04F79EFBC}") = "CS_053_Loop_10", "CS_053_Loop_10\CS_053_Loop_10.csproj", "{CD691085-C534-452A-B8C9-4D9B76405B3A}"
EndProject
Project("{FAE04EC0-301F-11D3-BF4B-00C04F79EFBC}") = "CS_054_Loop_11", "CS_054_Loop_11\CS_054_Loop_11.csproj", "{80726023-074C-4277-AD3C-5B1BDBD8EDB8}"
EndProject
Project("{FAE04EC0-301F-11D3-BF4B-00C04F79EFBC}") = "CS_055_Loop_12", "CS_055_Loop_12\CS_055_Loop_12.csproj", "{46DC15FD-EEF0-4D18-90E7-99DAC137809E}"
EndProject
Project("{FAE04EC0-301F-11D3-BF4B-00C04F79EFBC}") = "CS_056_Loop_13", "CS_056_Loop_13\CS_056_Loop_13.csproj", "{186AFFAB-89A6-48B9-94E0-67A6733BD815}"
EndProject
Project("{FAE04EC0-301F-11D3-BF4B-00C04F79EFBC}") = "CS_057_Loop_14", "CS_057_Loop_14\CS_057_Loop_14.csproj", "{41693FC5-0531-44EE-AD88-D3E95DEA3375}"
EndProject
Project("{FAE04EC0-301F-11D3-BF4B-00C04F79EFBC}") = "CS_058_Loop_Check", "CS_058_Loop_Check\CS_058_Loop_Check.csproj", "{8C0D1EE9-DB20-4A59-A228-D4E86ED8C9B6}"
EndProject
Project("{FAE04EC0-301F-11D3-BF4B-00C04F79EFBC}") = "CS_060_Loop_Check", "CS_060_Loop_Check\CS_060_Loop_Check.csproj", "{F3077DC6-03CC-478A-95EF-3651D34A8CD6}"
EndProject
Project("{FAE04EC0-301F-11D3-BF4B-00C04F79EFBC}") = "CS_061_Loop_Check", "CS_061_Loop_Check\CS_061_Loop_Check.csproj", "{554E2450-41CF-47D6-90FA-243D343CF4CF}"
EndProject
Project("{FAE04EC0-301F-11D3-BF4B-00C04F79EFBC}") = "CS_062_Array_1", "CS_062_Array_1\CS_062_Array_1.csproj", "{4EAE3319-E4B9-4AEF-9D72-47A5CD3790A1}"
EndProject
Project("{FAE04EC0-301F-11D3-BF4B-00C04F79EFBC}") = "CS_063_Array_2", "CS_063_Array_2\CS_063_Array_2.csproj", "{DA413220-48E4-4DAD-912F-F5928B75EC2D}"
EndProject
Project("{FAE04EC0-301F-11D3-BF4B-00C04F79EFBC}") = "CS_066_Array_5", "CS_066_Array_5\CS_066_Array_5.csproj", "{8EE35E26-2134-4DF8-8EED-38886B027D86}"
EndProject
Project("{FAE04EC0-301F-11D3-BF4B-00C04F79EFBC}") = "CS_067_Value_type_Reference_type", "CS_067_Value_type_Reference_type\CS_067_Value_type_Reference_type.csproj", "{2E1A3B9F-37AD-4CF3-BB50-EAE8B77B90BB}"
EndProject
Project("{FAE04EC0-301F-11D3-BF4B-00C04F79EFBC}") = "CS_068_Boxing_Unboxing", "CS_068_Boxing_Unboxing\CS_068_Boxing_Unboxing.csproj", "{94CE77C1-E0A4-48FB-8D8C-FAF429DFA02D}"
EndProject
Project("{FAE04EC0-301F-11D3-BF4B-00C04F79EFBC}") = "CS_069_Array_Multi_1", "CS_069_Array_Multi_1\CS_069_Array_Multi_1.csproj", "{44D24D3C-8336-4731-A3D7-1373AFCAD471}"
EndProject
Project("{FAE04EC0-301F-11D3-BF4B-00C04F79EFBC}") = "CS_070_Array_Multi_2", "CS_070_Array_Multi_2\CS_070_Array_Multi_2.csproj", "{09D5E6BD-F5BD-43F5-83EF-53B8D080E677}"
EndProject
Project("{FAE04EC0-301F-11D3-BF4B-00C04F79EFBC}") = "CS_071_Array_Jagged", "CS_071_Array_Jagged\CS_071_Array_Jagged.csproj", "{C228C4BC-611F-4775-A6BD-B3D43E4C38F1}"
EndProject
Project("{FAE04EC0-301F-11D3-BF4B-00C04F79EFBC}") = "CS_072_Array_Clone_1", "CS_072_Array_Clone_1\CS_072_Array_Clone_1.csproj", "{EB34964D-D051-4DE6-98CF-E71264DABFDE}"
EndProject
Project("{FAE04EC0-301F-11D3-BF4B-00C04F79EFBC}") = "CS_073_Array_Clone_2", "CS_073_Array_Clone_2\CS_073_Array_Clone_2.csproj", "{9F1D15A1-3E27-41A8-AB73-2FB5992E14E2}"
EndProject
Project("{FAE04EC0-301F-11D3-BF4B-00C04F79EFBC}") = "BJ_001_OnlineTest_HelloWorld", "BJ_001_OnlineTest_HelloWorld\BJ_001_OnlineTest_HelloWorld.csproj", "{B8D8FF72-C3E1-4E40-A47F-A80F26C6E167}"
EndProject
Project("{FAE04EC0-301F-11D3-BF4B-00C04F79EFBC}") = "CS_074_Array_Clear", "CS_074_Array_Clear\CS_074_Array_Clear.csproj", "{A5FD6AB5-6F6C-49A2-8AFA-69F051F51C01}"
EndProject
Project("{FAE04EC0-301F-11D3-BF4B-00C04F79EFBC}") = "CS_075_Check", "CS_075_Check\CS_075_Check.csproj", "{167DB853-03ED-4359-A0D6-9DEF92C4BAAD}"
EndProject
Global
	GlobalSection(SolutionConfigurationPlatforms) = preSolution
		Debug|Any CPU = Debug|Any CPU
		Release|Any CPU = Release|Any CPU
	EndGlobalSection
	GlobalSection(ProjectConfigurationPlatforms) = postSolution
		{5B24E332-A8CA-475E-8967-3357C83C3B14}.Debug|Any CPU.ActiveCfg = Debug|Any CPU
		{5B24E332-A8CA-475E-8967-3357C83C3B14}.Debug|Any CPU.Build.0 = Debug|Any CPU
		{5B24E332-A8CA-475E-8967-3357C83C3B14}.Release|Any CPU.ActiveCfg = Release|Any CPU
		{5B24E332-A8CA-475E-8967-3357C83C3B14}.Release|Any CPU.Build.0 = Release|Any CPU
		{982C0AEA-FE78-435D-A04D-2D190B355E43}.Debug|Any CPU.ActiveCfg = Debug|Any CPU
		{982C0AEA-FE78-435D-A04D-2D190B355E43}.Debug|Any CPU.Build.0 = Debug|Any CPU
		{982C0AEA-FE78-435D-A04D-2D190B355E43}.Release|Any CPU.ActiveCfg = Release|Any CPU
		{982C0AEA-FE78-435D-A04D-2D190B355E43}.Release|Any CPU.Build.0 = Release|Any CPU
		{1F2C1285-100E-4C59-9DD2-E282ACBBD545}.Debug|Any CPU.ActiveCfg = Debug|Any CPU
		{1F2C1285-100E-4C59-9DD2-E282ACBBD545}.Debug|Any CPU.Build.0 = Debug|Any CPU
		{1F2C1285-100E-4C59-9DD2-E282ACBBD545}.Release|Any CPU.ActiveCfg = Release|Any CPU
		{1F2C1285-100E-4C59-9DD2-E282ACBBD545}.Release|Any CPU.Build.0 = Release|Any CPU
		{7116DA9E-193C-4367-AA5E-042982D00AF2}.Debug|Any CPU.ActiveCfg = Debug|Any CPU
		{7116DA9E-193C-4367-AA5E-042982D00AF2}.Debug|Any CPU.Build.0 = Debug|Any CPU
		{7116DA9E-193C-4367-AA5E-042982D00AF2}.Release|Any CPU.ActiveCfg = Release|Any CPU
		{7116DA9E-193C-4367-AA5E-042982D00AF2}.Release|Any CPU.Build.0 = Release|Any CPU
		{E04CC5CB-3C42-45BC-8415-77DB7776F3EB}.Debug|Any CPU.ActiveCfg = Debug|Any CPU
		{E04CC5CB-3C42-45BC-8415-77DB7776F3EB}.Debug|Any CPU.Build.0 = Debug|Any CPU
		{E04CC5CB-3C42-45BC-8415-77DB7776F3EB}.Release|Any CPU.ActiveCfg = Release|Any CPU
		{E04CC5CB-3C42-45BC-8415-77DB7776F3EB}.Release|Any CPU.Build.0 = Release|Any CPU
		{6387CA3D-DC92-44B5-8F35-0DD103E35715}.Debug|Any CPU.ActiveCfg = Debug|Any CPU
		{6387CA3D-DC92-44B5-8F35-0DD103E35715}.Debug|Any CPU.Build.0 = Debug|Any CPU
		{6387CA3D-DC92-44B5-8F35-0DD103E35715}.Release|Any CPU.ActiveCfg = Release|Any CPU
		{6387CA3D-DC92-44B5-8F35-0DD103E35715}.Release|Any CPU.Build.0 = Release|Any CPU
		{EAD1F800-D103-483C-AB74-58D9567B600E}.Debug|Any CPU.ActiveCfg = Debug|Any CPU
		{EAD1F800-D103-483C-AB74-58D9567B600E}.Debug|Any CPU.Build.0 = Debug|Any CPU
		{EAD1F800-D103-483C-AB74-58D9567B600E}.Release|Any CPU.ActiveCfg = Release|Any CPU
		{EAD1F800-D103-483C-AB74-58D9567B600E}.Release|Any CPU.Build.0 = Release|Any CPU
		{5929F511-9E7E-4F60-BB39-E93E4601B00E}.Debug|Any CPU.ActiveCfg = Debug|Any CPU
		{5929F511-9E7E-4F60-BB39-E93E4601B00E}.Debug|Any CPU.Build.0 = Debug|Any CPU
		{5929F511-9E7E-4F60-BB39-E93E4601B00E}.Release|Any CPU.ActiveCfg = Release|Any CPU
		{5929F511-9E7E-4F60-BB39-E93E4601B00E}.Release|Any CPU.Build.0 = Release|Any CPU
		{6CE0564E-7A0D-453D-8D2C-51922AFC03F8}.Debug|Any CPU.ActiveCfg = Debug|Any CPU
		{6CE0564E-7A0D-453D-8D2C-51922AFC03F8}.Debug|Any CPU.Build.0 = Debug|Any CPU
		{6CE0564E-7A0D-453D-8D2C-51922AFC03F8}.Release|Any CPU.ActiveCfg = Release|Any CPU
		{6CE0564E-7A0D-453D-8D2C-51922AFC03F8}.Release|Any CPU.Build.0 = Release|Any CPU
		{9366CEE8-750F-42CA-9C1B-74ACE3D70F1A}.Debug|Any CPU.ActiveCfg = Debug|Any CPU
		{9366CEE8-750F-42CA-9C1B-74ACE3D70F1A}.Debug|Any CPU.Build.0 = Debug|Any CPU
		{9366CEE8-750F-42CA-9C1B-74ACE3D70F1A}.Release|Any CPU.ActiveCfg = Release|Any CPU
		{9366CEE8-750F-42CA-9C1B-74ACE3D70F1A}.Release|Any CPU.Build.0 = Release|Any CPU
		{644C8F67-5BA8-43B6-AD80-FC69F21627BA}.Debug|Any CPU.ActiveCfg = Debug|Any CPU
		{644C8F67-5BA8-43B6-AD80-FC69F21627BA}.Debug|Any CPU.Build.0 = Debug|Any CPU
		{644C8F67-5BA8-43B6-AD80-FC69F21627BA}.Release|Any CPU.ActiveCfg = Release|Any CPU
		{644C8F67-5BA8-43B6-AD80-FC69F21627BA}.Release|Any CPU.Build.0 = Release|Any CPU
		{0F75B8C7-FF6A-4815-A3B8-FF68F87DB43B}.Debug|Any CPU.ActiveCfg = Debug|Any CPU
		{0F75B8C7-FF6A-4815-A3B8-FF68F87DB43B}.Debug|Any CPU.Build.0 = Debug|Any CPU
		{0F75B8C7-FF6A-4815-A3B8-FF68F87DB43B}.Release|Any CPU.ActiveCfg = Release|Any CPU
		{0F75B8C7-FF6A-4815-A3B8-FF68F87DB43B}.Release|Any CPU.Build.0 = Release|Any CPU
		{31FEA359-A99A-4C36-A562-5664C2F40855}.Debug|Any CPU.ActiveCfg = Debug|Any CPU
		{31FEA359-A99A-4C36-A562-5664C2F40855}.Debug|Any CPU.Build.0 = Debug|Any CPU
		{31FEA359-A99A-4C36-A562-5664C2F40855}.Release|Any CPU.ActiveCfg = Release|Any CPU
		{31FEA359-A99A-4C36-A562-5664C2F40855}.Release|Any CPU.Build.0 = Release|Any CPU
		{EDD86047-9513-44AC-AD7A-05FA3CA9A87A}.Debug|Any CPU.ActiveCfg = Debug|Any CPU
		{EDD86047-9513-44AC-AD7A-05FA3CA9A87A}.Debug|Any CPU.Build.0 = Debug|Any CPU
		{EDD86047-9513-44AC-AD7A-05FA3CA9A87A}.Release|Any CPU.ActiveCfg = Release|Any CPU
		{EDD86047-9513-44AC-AD7A-05FA3CA9A87A}.Release|Any CPU.Build.0 = Release|Any CPU
		{0E36C700-7944-4B3B-99CF-6658BDE70365}.Debug|Any CPU.ActiveCfg = Debug|Any CPU
		{0E36C700-7944-4B3B-99CF-6658BDE70365}.Debug|Any CPU.Build.0 = Debug|Any CPU
		{0E36C700-7944-4B3B-99CF-6658BDE70365}.Release|Any CPU.ActiveCfg = Release|Any CPU
		{0E36C700-7944-4B3B-99CF-6658BDE70365}.Release|Any CPU.Build.0 = Release|Any CPU
		{3989CC4A-A348-40DA-8AC7-FF40EF7E31AB}.Debug|Any CPU.ActiveCfg = Debug|Any CPU
		{3989CC4A-A348-40DA-8AC7-FF40EF7E31AB}.Debug|Any CPU.Build.0 = Debug|Any CPU
		{3989CC4A-A348-40DA-8AC7-FF40EF7E31AB}.Release|Any CPU.ActiveCfg = Release|Any CPU
		{3989CC4A-A348-40DA-8AC7-FF40EF7E31AB}.Release|Any CPU.Build.0 = Release|Any CPU
		{12FCFBB7-9C08-4190-BD06-B508AAEC7222}.Debug|Any CPU.ActiveCfg = Debug|Any CPU
		{12FCFBB7-9C08-4190-BD06-B508AAEC7222}.Debug|Any CPU.Build.0 = Debug|Any CPU
		{12FCFBB7-9C08-4190-BD06-B508AAEC7222}.Release|Any CPU.ActiveCfg = Release|Any CPU
		{12FCFBB7-9C08-4190-BD06-B508AAEC7222}.Release|Any CPU.Build.0 = Release|Any CPU
		{3C16B0B9-9321-4C37-891B-66FFE674555B}.Debug|Any CPU.ActiveCfg = Debug|Any CPU
		{3C16B0B9-9321-4C37-891B-66FFE674555B}.Debug|Any CPU.Build.0 = Debug|Any CPU
		{3C16B0B9-9321-4C37-891B-66FFE674555B}.Release|Any CPU.ActiveCfg = Release|Any CPU
		{3C16B0B9-9321-4C37-891B-66FFE674555B}.Release|Any CPU.Build.0 = Release|Any CPU
		{499A22CF-F135-4C38-9F8F-C050B091447C}.Debug|Any CPU.ActiveCfg = Debug|Any CPU
		{499A22CF-F135-4C38-9F8F-C050B091447C}.Debug|Any CPU.Build.0 = Debug|Any CPU
		{499A22CF-F135-4C38-9F8F-C050B091447C}.Release|Any CPU.ActiveCfg = Release|Any CPU
		{499A22CF-F135-4C38-9F8F-C050B091447C}.Release|Any CPU.Build.0 = Release|Any CPU
		{C6AF72D6-CCC9-4356-A298-D3C3975EC1F3}.Debug|Any CPU.ActiveCfg = Debug|Any CPU
		{C6AF72D6-CCC9-4356-A298-D3C3975EC1F3}.Debug|Any CPU.Build.0 = Debug|Any CPU
		{C6AF72D6-CCC9-4356-A298-D3C3975EC1F3}.Release|Any CPU.ActiveCfg = Release|Any CPU
		{C6AF72D6-CCC9-4356-A298-D3C3975EC1F3}.Release|Any CPU.Build.0 = Release|Any CPU
		{B2DB767C-CDA6-4953-83DE-6D0B051A10AD}.Debug|Any CPU.ActiveCfg = Debug|Any CPU
		{B2DB767C-CDA6-4953-83DE-6D0B051A10AD}.Debug|Any CPU.Build.0 = Debug|Any CPU
		{B2DB767C-CDA6-4953-83DE-6D0B051A10AD}.Release|Any CPU.ActiveCfg = Release|Any CPU
		{B2DB767C-CDA6-4953-83DE-6D0B051A10AD}.Release|Any CPU.Build.0 = Release|Any CPU
		{D1C603C5-A8BE-4D4F-AECE-823321F7F260}.Debug|Any CPU.ActiveCfg = Debug|Any CPU
		{D1C603C5-A8BE-4D4F-AECE-823321F7F260}.Debug|Any CPU.Build.0 = Debug|Any CPU
		{D1C603C5-A8BE-4D4F-AECE-823321F7F260}.Release|Any CPU.ActiveCfg = Release|Any CPU
		{D1C603C5-A8BE-4D4F-AECE-823321F7F260}.Release|Any CPU.Build.0 = Release|Any CPU
		{AA440D08-9C3C-4E2E-9B78-20882009905C}.Debug|Any CPU.ActiveCfg = Debug|Any CPU
		{AA440D08-9C3C-4E2E-9B78-20882009905C}.Debug|Any CPU.Build.0 = Debug|Any CPU
		{AA440D08-9C3C-4E2E-9B78-20882009905C}.Release|Any CPU.ActiveCfg = Release|Any CPU
		{AA440D08-9C3C-4E2E-9B78-20882009905C}.Release|Any CPU.Build.0 = Release|Any CPU
		{D5837D3F-82A1-4FBE-AE3B-7DF675061354}.Debug|Any CPU.ActiveCfg = Debug|Any CPU
		{D5837D3F-82A1-4FBE-AE3B-7DF675061354}.Debug|Any CPU.Build.0 = Debug|Any CPU
		{D5837D3F-82A1-4FBE-AE3B-7DF675061354}.Release|Any CPU.ActiveCfg = Release|Any CPU
		{D5837D3F-82A1-4FBE-AE3B-7DF675061354}.Release|Any CPU.Build.0 = Release|Any CPU
		{721C4071-B676-4A42-B8CF-50480D545A79}.Debug|Any CPU.ActiveCfg = Debug|Any CPU
		{721C4071-B676-4A42-B8CF-50480D545A79}.Debug|Any CPU.Build.0 = Debug|Any CPU
		{721C4071-B676-4A42-B8CF-50480D545A79}.Release|Any CPU.ActiveCfg = Release|Any CPU
		{721C4071-B676-4A42-B8CF-50480D545A79}.Release|Any CPU.Build.0 = Release|Any CPU
		{95691185-AC9E-4D80-8AB9-14F3489BC713}.Debug|Any CPU.ActiveCfg = Debug|Any CPU
		{95691185-AC9E-4D80-8AB9-14F3489BC713}.Debug|Any CPU.Build.0 = Debug|Any CPU
		{95691185-AC9E-4D80-8AB9-14F3489BC713}.Release|Any CPU.ActiveCfg = Release|Any CPU
		{95691185-AC9E-4D80-8AB9-14F3489BC713}.Release|Any CPU.Build.0 = Release|Any CPU
		{AAB87D47-B8FE-4D39-ABC3-BE370B951CFA}.Debug|Any CPU.ActiveCfg = Debug|Any CPU
		{AAB87D47-B8FE-4D39-ABC3-BE370B951CFA}.Debug|Any CPU.Build.0 = Debug|Any CPU
		{AAB87D47-B8FE-4D39-ABC3-BE370B951CFA}.Release|Any CPU.ActiveCfg = Release|Any CPU
		{AAB87D47-B8FE-4D39-ABC3-BE370B951CFA}.Release|Any CPU.Build.0 = Release|Any CPU
		{98B7EADB-3FB5-492A-83E1-A7E19647617A}.Debug|Any CPU.ActiveCfg = Debug|Any CPU
		{98B7EADB-3FB5-492A-83E1-A7E19647617A}.Debug|Any CPU.Build.0 = Debug|Any CPU
		{98B7EADB-3FB5-492A-83E1-A7E19647617A}.Release|Any CPU.ActiveCfg = Release|Any CPU
		{98B7EADB-3FB5-492A-83E1-A7E19647617A}.Release|Any CPU.Build.0 = Release|Any CPU
		{828902D1-BFB4-49DD-8231-C735FC959EC5}.Debug|Any CPU.ActiveCfg = Debug|Any CPU
		{828902D1-BFB4-49DD-8231-C735FC959EC5}.Debug|Any CPU.Build.0 = Debug|Any CPU
		{828902D1-BFB4-49DD-8231-C735FC959EC5}.Release|Any CPU.ActiveCfg = Release|Any CPU
		{828902D1-BFB4-49DD-8231-C735FC959EC5}.Release|Any CPU.Build.0 = Release|Any CPU
		{90A41D5A-D7DB-4DA6-94EF-4803298CF16E}.Debug|Any CPU.ActiveCfg = Debug|Any CPU
		{90A41D5A-D7DB-4DA6-94EF-4803298CF16E}.Debug|Any CPU.Build.0 = Debug|Any CPU
		{90A41D5A-D7DB-4DA6-94EF-4803298CF16E}.Release|Any CPU.ActiveCfg = Release|Any CPU
		{90A41D5A-D7DB-4DA6-94EF-4803298CF16E}.Release|Any CPU.Build.0 = Release|Any CPU
		{F5346462-9112-49B9-9588-B82411CE7BCD}.Debug|Any CPU.ActiveCfg = Debug|Any CPU
		{F5346462-9112-49B9-9588-B82411CE7BCD}.Debug|Any CPU.Build.0 = Debug|Any CPU
		{F5346462-9112-49B9-9588-B82411CE7BCD}.Release|Any CPU.ActiveCfg = Release|Any CPU
		{F5346462-9112-49B9-9588-B82411CE7BCD}.Release|Any CPU.Build.0 = Release|Any CPU
		{E4708FA4-3FCC-4146-A760-11C313B9A7F2}.Debug|Any CPU.ActiveCfg = Debug|Any CPU
		{E4708FA4-3FCC-4146-A760-11C313B9A7F2}.Debug|Any CPU.Build.0 = Debug|Any CPU
		{E4708FA4-3FCC-4146-A760-11C313B9A7F2}.Release|Any CPU.ActiveCfg = Release|Any CPU
		{E4708FA4-3FCC-4146-A760-11C313B9A7F2}.Release|Any CPU.Build.0 = Release|Any CPU
		{BF51560F-8551-4E81-B6CA-7645587A1270}.Debug|Any CPU.ActiveCfg = Debug|Any CPU
		{BF51560F-8551-4E81-B6CA-7645587A1270}.Debug|Any CPU.Build.0 = Debug|Any CPU
		{BF51560F-8551-4E81-B6CA-7645587A1270}.Release|Any CPU.ActiveCfg = Release|Any CPU
		{BF51560F-8551-4E81-B6CA-7645587A1270}.Release|Any CPU.Build.0 = Release|Any CPU
		{279B4C72-80AE-4E6B-9BAE-2342BF7E37BF}.Debug|Any CPU.ActiveCfg = Debug|Any CPU
		{279B4C72-80AE-4E6B-9BAE-2342BF7E37BF}.Debug|Any CPU.Build.0 = Debug|Any CPU
		{279B4C72-80AE-4E6B-9BAE-2342BF7E37BF}.Release|Any CPU.ActiveCfg = Release|Any CPU
		{279B4C72-80AE-4E6B-9BAE-2342BF7E37BF}.Release|Any CPU.Build.0 = Release|Any CPU
		{181CC1FB-3944-4016-8F36-A5574190D9C2}.Debug|Any CPU.ActiveCfg = Debug|Any CPU
		{181CC1FB-3944-4016-8F36-A5574190D9C2}.Debug|Any CPU.Build.0 = Debug|Any CPU
		{181CC1FB-3944-4016-8F36-A5574190D9C2}.Release|Any CPU.ActiveCfg = Release|Any CPU
		{181CC1FB-3944-4016-8F36-A5574190D9C2}.Release|Any CPU.Build.0 = Release|Any CPU
		{3FD705EF-8F50-4577-B852-82FF96DB5783}.Debug|Any CPU.ActiveCfg = Debug|Any CPU
		{3FD705EF-8F50-4577-B852-82FF96DB5783}.Debug|Any CPU.Build.0 = Debug|Any CPU
		{3FD705EF-8F50-4577-B852-82FF96DB5783}.Release|Any CPU.ActiveCfg = Release|Any CPU
		{3FD705EF-8F50-4577-B852-82FF96DB5783}.Release|Any CPU.Build.0 = Release|Any CPU
		{2F67E7CD-83BC-4011-9A4D-923DD9394D57}.Debug|Any CPU.ActiveCfg = Debug|Any CPU
		{2F67E7CD-83BC-4011-9A4D-923DD9394D57}.Debug|Any CPU.Build.0 = Debug|Any CPU
		{2F67E7CD-83BC-4011-9A4D-923DD9394D57}.Release|Any CPU.ActiveCfg = Release|Any CPU
		{2F67E7CD-83BC-4011-9A4D-923DD9394D57}.Release|Any CPU.Build.0 = Release|Any CPU
		{1A125604-C736-42B3-B90E-68347D864852}.Debug|Any CPU.ActiveCfg = Debug|Any CPU
		{1A125604-C736-42B3-B90E-68347D864852}.Debug|Any CPU.Build.0 = Debug|Any CPU
		{1A125604-C736-42B3-B90E-68347D864852}.Release|Any CPU.ActiveCfg = Release|Any CPU
		{1A125604-C736-42B3-B90E-68347D864852}.Release|Any CPU.Build.0 = Release|Any CPU
		{B50F8D55-47F2-44CD-A8F4-AFBD1BF96F09}.Debug|Any CPU.ActiveCfg = Debug|Any CPU
		{B50F8D55-47F2-44CD-A8F4-AFBD1BF96F09}.Debug|Any CPU.Build.0 = Debug|Any CPU
		{B50F8D55-47F2-44CD-A8F4-AFBD1BF96F09}.Release|Any CPU.ActiveCfg = Release|Any CPU
		{B50F8D55-47F2-44CD-A8F4-AFBD1BF96F09}.Release|Any CPU.Build.0 = Release|Any CPU
		{F9D41221-1DBE-4E3A-9675-F692A2F9AD34}.Debug|Any CPU.ActiveCfg = Debug|Any CPU
		{F9D41221-1DBE-4E3A-9675-F692A2F9AD34}.Debug|Any CPU.Build.0 = Debug|Any CPU
		{F9D41221-1DBE-4E3A-9675-F692A2F9AD34}.Release|Any CPU.ActiveCfg = Release|Any CPU
		{F9D41221-1DBE-4E3A-9675-F692A2F9AD34}.Release|Any CPU.Build.0 = Release|Any CPU
		{49006509-1930-4E04-83D3-F86C1A27AC0D}.Debug|Any CPU.ActiveCfg = Debug|Any CPU
		{49006509-1930-4E04-83D3-F86C1A27AC0D}.Debug|Any CPU.Build.0 = Debug|Any CPU
		{49006509-1930-4E04-83D3-F86C1A27AC0D}.Release|Any CPU.ActiveCfg = Release|Any CPU
		{49006509-1930-4E04-83D3-F86C1A27AC0D}.Release|Any CPU.Build.0 = Release|Any CPU
		{29F05BBA-6E9E-4E63-9717-DCB7FFEF90DB}.Debug|Any CPU.ActiveCfg = Debug|Any CPU
		{29F05BBA-6E9E-4E63-9717-DCB7FFEF90DB}.Debug|Any CPU.Build.0 = Debug|Any CPU
		{29F05BBA-6E9E-4E63-9717-DCB7FFEF90DB}.Release|Any CPU.ActiveCfg = Release|Any CPU
		{29F05BBA-6E9E-4E63-9717-DCB7FFEF90DB}.Release|Any CPU.Build.0 = Release|Any CPU
		{6B949E46-D2EC-48C9-ADF3-08A824BCDDDA}.Debug|Any CPU.ActiveCfg = Debug|Any CPU
		{6B949E46-D2EC-48C9-ADF3-08A824BCDDDA}.Debug|Any CPU.Build.0 = Debug|Any CPU
		{6B949E46-D2EC-48C9-ADF3-08A824BCDDDA}.Release|Any CPU.ActiveCfg = Release|Any CPU
		{6B949E46-D2EC-48C9-ADF3-08A824BCDDDA}.Release|Any CPU.Build.0 = Release|Any CPU
		{CD691085-C534-452A-B8C9-4D9B76405B3A}.Debug|Any CPU.ActiveCfg = Debug|Any CPU
		{CD691085-C534-452A-B8C9-4D9B76405B3A}.Debug|Any CPU.Build.0 = Debug|Any CPU
		{CD691085-C534-452A-B8C9-4D9B76405B3A}.Release|Any CPU.ActiveCfg = Release|Any CPU
		{CD691085-C534-452A-B8C9-4D9B76405B3A}.Release|Any CPU.Build.0 = Release|Any CPU
		{80726023-074C-4277-AD3C-5B1BDBD8EDB8}.Debug|Any CPU.ActiveCfg = Debug|Any CPU
		{80726023-074C-4277-AD3C-5B1BDBD8EDB8}.Debug|Any CPU.Build.0 = Debug|Any CPU
		{80726023-074C-4277-AD3C-5B1BDBD8EDB8}.Release|Any CPU.ActiveCfg = Release|Any CPU
		{80726023-074C-4277-AD3C-5B1BDBD8EDB8}.Release|Any CPU.Build.0 = Release|Any CPU
		{46DC15FD-EEF0-4D18-90E7-99DAC137809E}.Debug|Any CPU.ActiveCfg = Debug|Any CPU
		{46DC15FD-EEF0-4D18-90E7-99DAC137809E}.Debug|Any CPU.Build.0 = Debug|Any CPU
		{46DC15FD-EEF0-4D18-90E7-99DAC137809E}.Release|Any CPU.ActiveCfg = Release|Any CPU
		{46DC15FD-EEF0-4D18-90E7-99DAC137809E}.Release|Any CPU.Build.0 = Release|Any CPU
		{186AFFAB-89A6-48B9-94E0-67A6733BD815}.Debug|Any CPU.ActiveCfg = Debug|Any CPU
		{186AFFAB-89A6-48B9-94E0-67A6733BD815}.Debug|Any CPU.Build.0 = Debug|Any CPU
		{186AFFAB-89A6-48B9-94E0-67A6733BD815}.Release|Any CPU.ActiveCfg = Release|Any CPU
		{186AFFAB-89A6-48B9-94E0-67A6733BD815}.Release|Any CPU.Build.0 = Release|Any CPU
		{41693FC5-0531-44EE-AD88-D3E95DEA3375}.Debug|Any CPU.ActiveCfg = Debug|Any CPU
		{41693FC5-0531-44EE-AD88-D3E95DEA3375}.Debug|Any CPU.Build.0 = Debug|Any CPU
		{41693FC5-0531-44EE-AD88-D3E95DEA3375}.Release|Any CPU.ActiveCfg = Release|Any CPU
		{41693FC5-0531-44EE-AD88-D3E95DEA3375}.Release|Any CPU.Build.0 = Release|Any CPU
		{8C0D1EE9-DB20-4A59-A228-D4E86ED8C9B6}.Debug|Any CPU.ActiveCfg = Debug|Any CPU
		{8C0D1EE9-DB20-4A59-A228-D4E86ED8C9B6}.Debug|Any CPU.Build.0 = Debug|Any CPU
		{8C0D1EE9-DB20-4A59-A228-D4E86ED8C9B6}.Release|Any CPU.ActiveCfg = Release|Any CPU
		{8C0D1EE9-DB20-4A59-A228-D4E86ED8C9B6}.Release|Any CPU.Build.0 = Release|Any CPU
		{F3077DC6-03CC-478A-95EF-3651D34A8CD6}.Debug|Any CPU.ActiveCfg = Debug|Any CPU
		{F3077DC6-03CC-478A-95EF-3651D34A8CD6}.Debug|Any CPU.Build.0 = Debug|Any CPU
		{F3077DC6-03CC-478A-95EF-3651D34A8CD6}.Release|Any CPU.ActiveCfg = Release|Any CPU
		{F3077DC6-03CC-478A-95EF-3651D34A8CD6}.Release|Any CPU.Build.0 = Release|Any CPU
		{554E2450-41CF-47D6-90FA-243D343CF4CF}.Debug|Any CPU.ActiveCfg = Debug|Any CPU
		{554E2450-41CF-47D6-90FA-243D343CF4CF}.Debug|Any CPU.Build.0 = Debug|Any CPU
		{554E2450-41CF-47D6-90FA-243D343CF4CF}.Release|Any CPU.ActiveCfg = Release|Any CPU
		{554E2450-41CF-47D6-90FA-243D343CF4CF}.Release|Any CPU.Build.0 = Release|Any CPU
		{4EAE3319-E4B9-4AEF-9D72-47A5CD3790A1}.Debug|Any CPU.ActiveCfg = Debug|Any CPU
		{4EAE3319-E4B9-4AEF-9D72-47A5CD3790A1}.Debug|Any CPU.Build.0 = Debug|Any CPU
		{4EAE3319-E4B9-4AEF-9D72-47A5CD3790A1}.Release|Any CPU.ActiveCfg = Release|Any CPU
		{4EAE3319-E4B9-4AEF-9D72-47A5CD3790A1}.Release|Any CPU.Build.0 = Release|Any CPU
		{DA413220-48E4-4DAD-912F-F5928B75EC2D}.Debug|Any CPU.ActiveCfg = Debug|Any CPU
		{DA413220-48E4-4DAD-912F-F5928B75EC2D}.Debug|Any CPU.Build.0 = Debug|Any CPU
		{DA413220-48E4-4DAD-912F-F5928B75EC2D}.Release|Any CPU.ActiveCfg = Release|Any CPU
		{DA413220-48E4-4DAD-912F-F5928B75EC2D}.Release|Any CPU.Build.0 = Release|Any CPU
		{8EE35E26-2134-4DF8-8EED-38886B027D86}.Debug|Any CPU.ActiveCfg = Debug|Any CPU
		{8EE35E26-2134-4DF8-8EED-38886B027D86}.Debug|Any CPU.Build.0 = Debug|Any CPU
		{8EE35E26-2134-4DF8-8EED-38886B027D86}.Release|Any CPU.ActiveCfg = Release|Any CPU
		{8EE35E26-2134-4DF8-8EED-38886B027D86}.Release|Any CPU.Build.0 = Release|Any CPU
		{2E1A3B9F-37AD-4CF3-BB50-EAE8B77B90BB}.Debug|Any CPU.ActiveCfg = Debug|Any CPU
		{2E1A3B9F-37AD-4CF3-BB50-EAE8B77B90BB}.Debug|Any CPU.Build.0 = Debug|Any CPU
		{2E1A3B9F-37AD-4CF3-BB50-EAE8B77B90BB}.Release|Any CPU.ActiveCfg = Release|Any CPU
		{2E1A3B9F-37AD-4CF3-BB50-EAE8B77B90BB}.Release|Any CPU.Build.0 = Release|Any CPU
		{94CE77C1-E0A4-48FB-8D8C-FAF429DFA02D}.Debug|Any CPU.ActiveCfg = Debug|Any CPU
		{94CE77C1-E0A4-48FB-8D8C-FAF429DFA02D}.Debug|Any CPU.Build.0 = Debug|Any CPU
		{94CE77C1-E0A4-48FB-8D8C-FAF429DFA02D}.Release|Any CPU.ActiveCfg = Release|Any CPU
		{94CE77C1-E0A4-48FB-8D8C-FAF429DFA02D}.Release|Any CPU.Build.0 = Release|Any CPU
		{44D24D3C-8336-4731-A3D7-1373AFCAD471}.Debug|Any CPU.ActiveCfg = Debug|Any CPU
		{44D24D3C-8336-4731-A3D7-1373AFCAD471}.Debug|Any CPU.Build.0 = Debug|Any CPU
		{44D24D3C-8336-4731-A3D7-1373AFCAD471}.Release|Any CPU.ActiveCfg = Release|Any CPU
		{44D24D3C-8336-4731-A3D7-1373AFCAD471}.Release|Any CPU.Build.0 = Release|Any CPU
		{09D5E6BD-F5BD-43F5-83EF-53B8D080E677}.Debug|Any CPU.ActiveCfg = Debug|Any CPU
		{09D5E6BD-F5BD-43F5-83EF-53B8D080E677}.Debug|Any CPU.Build.0 = Debug|Any CPU
		{09D5E6BD-F5BD-43F5-83EF-53B8D080E677}.Release|Any CPU.ActiveCfg = Release|Any CPU
		{09D5E6BD-F5BD-43F5-83EF-53B8D080E677}.Release|Any CPU.Build.0 = Release|Any CPU
		{C228C4BC-611F-4775-A6BD-B3D43E4C38F1}.Debug|Any CPU.ActiveCfg = Debug|Any CPU
		{C228C4BC-611F-4775-A6BD-B3D43E4C38F1}.Debug|Any CPU.Build.0 = Debug|Any CPU
		{C228C4BC-611F-4775-A6BD-B3D43E4C38F1}.Release|Any CPU.ActiveCfg = Release|Any CPU
		{C228C4BC-611F-4775-A6BD-B3D43E4C38F1}.Release|Any CPU.Build.0 = Release|Any CPU
		{EB34964D-D051-4DE6-98CF-E71264DABFDE}.Debug|Any CPU.ActiveCfg = Debug|Any CPU
		{EB34964D-D051-4DE6-98CF-E71264DABFDE}.Debug|Any CPU.Build.0 = Debug|Any CPU
		{EB34964D-D051-4DE6-98CF-E71264DABFDE}.Release|Any CPU.ActiveCfg = Release|Any CPU
		{EB34964D-D051-4DE6-98CF-E71264DABFDE}.Release|Any CPU.Build.0 = Release|Any CPU
		{9F1D15A1-3E27-41A8-AB73-2FB5992E14E2}.Debug|Any CPU.ActiveCfg = Debug|Any CPU
		{9F1D15A1-3E27-41A8-AB73-2FB5992E14E2}.Debug|Any CPU.Build.0 = Debug|Any CPU
		{9F1D15A1-3E27-41A8-AB73-2FB5992E14E2}.Release|Any CPU.ActiveCfg = Release|Any CPU
		{9F1D15A1-3E27-41A8-AB73-2FB5992E14E2}.Release|Any CPU.Build.0 = Release|Any CPU
		{B8D8FF72-C3E1-4E40-A47F-A80F26C6E167}.Debug|Any CPU.ActiveCfg = Debug|Any CPU
		{B8D8FF72-C3E1-4E40-A47F-A80F26C6E167}.Debug|Any CPU.Build.0 = Debug|Any CPU
		{B8D8FF72-C3E1-4E40-A47F-A80F26C6E167}.Release|Any CPU.ActiveCfg = Release|Any CPU
		{B8D8FF72-C3E1-4E40-A47F-A80F26C6E167}.Release|Any CPU.Build.0 = Release|Any CPU
		{A5FD6AB5-6F6C-49A2-8AFA-69F051F51C01}.Debug|Any CPU.ActiveCfg = Debug|Any CPU
		{A5FD6AB5-6F6C-49A2-8AFA-69F051F51C01}.Debug|Any CPU.Build.0 = Debug|Any CPU
		{A5FD6AB5-6F6C-49A2-8AFA-69F051F51C01}.Release|Any CPU.ActiveCfg = Release|Any CPU
		{A5FD6AB5-6F6C-49A2-8AFA-69F051F51C01}.Release|Any CPU.Build.0 = Release|Any CPU
		{167DB853-03ED-4359-A0D6-9DEF92C4BAAD}.Debug|Any CPU.ActiveCfg = Debug|Any CPU
		{167DB853-03ED-4359-A0D6-9DEF92C4BAAD}.Debug|Any CPU.Build.0 = Debug|Any CPU
		{167DB853-03ED-4359-A0D6-9DEF92C4BAAD}.Release|Any CPU.ActiveCfg = Release|Any CPU
		{167DB853-03ED-4359-A0D6-9DEF92C4BAAD}.Release|Any CPU.Build.0 = Release|Any CPU
	EndGlobalSection
	GlobalSection(SolutionProperties) = preSolution
		HideSolutionNode = FALSE
	EndGlobalSection
	GlobalSection(ExtensibilityGlobals) = postSolution
		SolutionGuid = {35BD7610-41EF-41B4-A769-B23942DDFA0D}
	EndGlobalSection
EndGlobal
